// !$*UTF8*$!
{
	archiveVersion = 1;
	classes = {
	};
	objectVersion = 50;
	objects = {

/* Begin PBXBuildFile section */
		F95090272355FFCC0023813B /* PokemonStickerApp StickerPackExtension.appex in Embed App Extensions */ = {isa = PBXBuildFile; fileRef = F95090262355FFCC0023813B /* PokemonStickerApp StickerPackExtension.appex */; settings = {ATTRIBUTES = (RemoveHeadersOnCopy, ); }; };
		F950902B2355FFCC0023813B /* Stickers.xcstickers in Resources */ = {isa = PBXBuildFile; fileRef = F950902A2355FFCC0023813B /* Stickers.xcstickers */; };
		F950902C2355FFCC0023813B /* Stickers.xcstickers in Resources */ = {isa = PBXBuildFile; fileRef = F950902A2355FFCC0023813B /* Stickers.xcstickers */; };
/* End PBXBuildFile section */

/* Begin PBXContainerItemProxy section */
		F95090282355FFCC0023813B /* PBXContainerItemProxy */ = {
			isa = PBXContainerItemProxy;
			containerPortal = F950901C2355FFCC0023813B /* Project object */;
			proxyType = 1;
			remoteGlobalIDString = F95090252355FFCC0023813B;
			remoteInfo = "PokemonStickerApp StickerPackExtension";
		};
/* End PBXContainerItemProxy section */

/* Begin PBXCopyFilesBuildPhase section */
		F95090322355FFCC0023813B /* Embed App Extensions */ = {
			isa = PBXCopyFilesBuildPhase;
			buildActionMask = 2147483647;
			dstPath = "";
			dstSubfolderSpec = 13;
			files = (
				F95090272355FFCC0023813B /* PokemonStickerApp StickerPackExtension.appex in Embed App Extensions */,
			);
			name = "Embed App Extensions";
			runOnlyForDeploymentPostprocessing = 0;
		};
/* End PBXCopyFilesBuildPhase section */

/* Begin PBXFileReference section */
		F95090222355FFCC0023813B /* PokemonStickerApp.app */ = {isa = PBXFileReference; explicitFileType = wrapper.application; includeInIndex = 0; path = PokemonStickerApp.app; sourceTree = BUILT_PRODUCTS_DIR; };
		F95090262355FFCC0023813B /* PokemonStickerApp StickerPackExtension.appex */ = {isa = PBXFileReference; explicitFileType = "wrapper.app-extension"; includeInIndex = 0; path = "PokemonStickerApp StickerPackExtension.appex"; sourceTree = BUILT_PRODUCTS_DIR; };
		F950902A2355FFCC0023813B /* Stickers.xcstickers */ = {isa = PBXFileReference; lastKnownFileType = folder.stickers; name = Stickers.xcstickers; path = "PokemonStickerApp StickerPackExtension/Stickers.xcstickers"; sourceTree = "<group>"; };
/* End PBXFileReference section */

/* Begin PBXGroup section */
		F950901B2355FFCC0023813B = {
			isa = PBXGroup;
			children = (
				F950902A2355FFCC0023813B /* Stickers.xcstickers */,
				F95090232355FFCC0023813B /* Products */,
			);
			sourceTree = "<group>";
		};
		F95090232355FFCC0023813B /* Products */ = {
			isa = PBXGroup;
			children = (
				F95090222355FFCC0023813B /* PokemonStickerApp.app */,
				F95090262355FFCC0023813B /* PokemonStickerApp StickerPackExtension.appex */,
			);
			name = Products;
			sourceTree = "<group>";
		};
/* End PBXGroup section */

/* Begin PBXNativeTarget section */
		F95090212355FFCC0023813B /* PokemonStickerApp */ = {
			isa = PBXNativeTarget;
			buildConfigurationList = F95090332355FFCC0023813B /* Build configuration list for PBXNativeTarget "PokemonStickerApp" */;
			buildPhases = (
				F95090202355FFCC0023813B /* Resources */,
				F95090322355FFCC0023813B /* Embed App Extensions */,
			);
			buildRules = (
			);
			dependencies = (
				F95090292355FFCC0023813B /* PBXTargetDependency */,
			);
			name = PokemonStickerApp;
			productName = PokemonStickerApp;
			productReference = F95090222355FFCC0023813B /* PokemonStickerApp.app */;
			productType = "com.apple.product-type.application.messages";
		};
		F95090252355FFCC0023813B /* PokemonStickerApp StickerPackExtension */ = {
			isa = PBXNativeTarget;
			buildConfigurationList = F950902F2355FFCC0023813B /* Build configuration list for PBXNativeTarget "PokemonStickerApp StickerPackExtension" */;
			buildPhases = (
				F95090242355FFCC0023813B /* Resources */,
			);
			buildRules = (
			);
			dependencies = (
			);
			name = "PokemonStickerApp StickerPackExtension";
			productName = "PokemonStickerApp StickerPackExtension";
			productReference = F95090262355FFCC0023813B /* PokemonStickerApp StickerPackExtension.appex */;
			productType = "com.apple.product-type.app-extension.messages-sticker-pack";
		};
/* End PBXNativeTarget section */

/* Begin PBXProject section */
		F950901C2355FFCC0023813B /* Project object */ = {
			isa = PBXProject;
			attributes = {
				LastUpgradeCheck = 1120;
				ORGANIZATIONNAME = "Joseph Cauley";
				TargetAttributes = {
					F95090212355FFCC0023813B = {
						CreatedOnToolsVersion = 11.2;
					};
					F95090252355FFCC0023813B = {
						CreatedOnToolsVersion = 11.2;
					};
				};
			};
			buildConfigurationList = F950901F2355FFCC0023813B /* Build configuration list for PBXProject "PokemonStickerApp" */;
			compatibilityVersion = "Xcode 9.3";
			developmentRegion = en;
			hasScannedForEncodings = 0;
			knownRegions = (
				en,
				Base,
			);
			mainGroup = F950901B2355FFCC0023813B;
			productRefGroup = F95090232355FFCC0023813B /* Products */;
			projectDirPath = "";
			projectRoot = "";
			targets = (
				F95090212355FFCC0023813B /* PokemonStickerApp */,
				F95090252355FFCC0023813B /* PokemonStickerApp StickerPackExtension */,
			);
		};
/* End PBXProject section */

/* Begin PBXResourcesBuildPhase section */
		F95090202355FFCC0023813B /* Resources */ = {
			isa = PBXResourcesBuildPhase;
			buildActionMask = 2147483647;
			files = (
				F950902C2355FFCC0023813B /* Stickers.xcstickers in Resources */,
			);
			runOnlyForDeploymentPostprocessing = 0;
		};
		F95090242355FFCC0023813B /* Resources */ = {
			isa = PBXResourcesBuildPhase;
			buildActionMask = 2147483647;
			files = (
				F950902B2355FFCC0023813B /* Stickers.xcstickers in Resources */,
			);
			runOnlyForDeploymentPostprocessing = 0;
		};
/* End PBXResourcesBuildPhase section */

/* Begin PBXTargetDependency section */
		F95090292355FFCC0023813B /* PBXTargetDependency */ = {
			isa = PBXTargetDependency;
			target = F95090252355FFCC0023813B /* PokemonStickerApp StickerPackExtension */;
			targetProxy = F95090282355FFCC0023813B /* PBXContainerItemProxy */;
		};
/* End PBXTargetDependency section */

/* Begin XCBuildConfiguration section */
		F950902D2355FFCC0023813B /* Debug */ = {
			isa = XCBuildConfiguration;
			buildSettings = {
				ALWAYS_SEARCH_USER_PATHS = NO;
				CLANG_ANALYZER_NONNULL = YES;
				CLANG_ANALYZER_NUMBER_OBJECT_CONVERSION = YES_AGGRESSIVE;
				CLANG_CXX_LANGUAGE_STANDARD = "gnu++14";
				CLANG_CXX_LIBRARY = "libc++";
				CLANG_ENABLE_MODULES = YES;
				CLANG_ENABLE_OBJC_ARC = YES;
				CLANG_ENABLE_OBJC_WEAK = YES;
				CLANG_WARN_BLOCK_CAPTURE_AUTORELEASING = YES;
				CLANG_WARN_BOOL_CONVERSION = YES;
				CLANG_WARN_COMMA = YES;
				CLANG_WARN_CONSTANT_CONVERSION = YES;
				CLANG_WARN_DEPRECATED_OBJC_IMPLEMENTATIONS = YES;
				CLANG_WARN_DIRECT_OBJC_ISA_USAGE = YES_ERROR;
				CLANG_WARN_DOCUMENTATION_COMMENTS = YES;
				CLANG_WARN_EMPTY_BODY = YES;
				CLANG_WARN_ENUM_CONVERSION = YES;
				CLANG_WARN_INFINITE_RECURSION = YES;
				CLANG_WARN_INT_CONVERSION = YES;
				CLANG_WARN_NON_LITERAL_NULL_CONVERSION = YES;
				CLANG_WARN_OBJC_IMPLICIT_RETAIN_SELF = YES;
				CLANG_WARN_OBJC_LITERAL_CONVERSION = YES;
				CLANG_WARN_OBJC_ROOT_CLASS = YES_ERROR;
				CLANG_WARN_RANGE_LOOP_ANALYSIS = YES;
				CLANG_WARN_STRICT_PROTOTYPES = YES;
				CLANG_WARN_SUSPICIOUS_MOVE = YES;
				CLANG_WARN_UNGUARDED_AVAILABILITY = YES_AGGRESSIVE;
				CLANG_WARN_UNREACHABLE_CODE = YES;
				CLANG_WARN__DUPLICATE_METHOD_MATCH = YES;
				COPY_PHASE_STRIP = NO;
				DEBUG_INFORMATION_FORMAT = dwarf;
				ENABLE_STRICT_OBJC_MSGSEND = YES;
				ENABLE_TESTABILITY = YES;
				GCC_C_LANGUAGE_STANDARD = gnu11;
				GCC_DYNAMIC_NO_PIC = NO;
				GCC_NO_COMMON_BLOCKS = YES;
				GCC_OPTIMIZATION_LEVEL = 0;
				GCC_PREPROCESSOR_DEFINITIONS = (
					"DEBUG=1",
					"$(inherited)",
				);
				GCC_WARN_64_TO_32_BIT_CONVERSION = YES;
				GCC_WARN_ABOUT_RETURN_TYPE = YES_ERROR;
				GCC_WARN_UNDECLARED_SELECTOR = YES;
				GCC_WARN_UNINITIALIZED_AUTOS = YES_AGGRESSIVE;
				GCC_WARN_UNUSED_FUNCTION = YES;
				GCC_WARN_UNUSED_VARIABLE = YES;
				IPHONEOS_DEPLOYMENT_TARGET = 13.2;
				MTL_ENABLE_DEBUG_INFO = INCLUDE_SOURCE;
				MTL_FAST_MATH = YES;
				ONLY_ACTIVE_ARCH = YES;
				SDKROOT = iphoneos;
			};
			name = Debug;
		};
		F950902E2355FFCC0023813B /* Release */ = {
			isa = XCBuildConfiguration;
			buildSettings = {
				ALWAYS_SEARCH_USER_PATHS = NO;
				CLANG_ANALYZER_NONNULL = YES;
				CLANG_ANALYZER_NUMBER_OBJECT_CONVERSION = YES_AGGRESSIVE;
				CLANG_CXX_LANGUAGE_STANDARD = "gnu++14";
				CLANG_CXX_LIBRARY = "libc++";
				CLANG_ENABLE_MODULES = YES;
				CLANG_ENABLE_OBJC_ARC = YES;
				CLANG_ENABLE_OBJC_WEAK = YES;
				CLANG_WARN_BLOCK_CAPTURE_AUTORELEASING = YES;
				CLANG_WARN_BOOL_CONVERSION = YES;
				CLANG_WARN_COMMA = YES;
				CLANG_WARN_CONSTANT_CONVERSION = YES;
				CLANG_WARN_DEPRECATED_OBJC_IMPLEMENTATIONS = YES;
				CLANG_WARN_DIRECT_OBJC_ISA_USAGE = YES_ERROR;
				CLANG_WARN_DOCUMENTATION_COMMENTS = YES;
				CLANG_WARN_EMPTY_BODY = YES;
				CLANG_WARN_ENUM_CONVERSION = YES;
				CLANG_WARN_INFINITE_RECURSION = YES;
				CLANG_WARN_INT_CONVERSION = YES;
				CLANG_WARN_NON_LITERAL_NULL_CONVERSION = YES;
				CLANG_WARN_OBJC_IMPLICIT_RETAIN_SELF = YES;
				CLANG_WARN_OBJC_LITERAL_CONVERSION = YES;
				CLANG_WARN_OBJC_ROOT_CLASS = YES_ERROR;
				CLANG_WARN_RANGE_LOOP_ANALYSIS = YES;
				CLANG_WARN_STRICT_PROTOTYPES = YES;
				CLANG_WARN_SUSPICIOUS_MOVE = YES;
				CLANG_WARN_UNGUARDED_AVAILABILITY = YES_AGGRESSIVE;
				CLANG_WARN_UNREACHABLE_CODE = YES;
				CLANG_WARN__DUPLICATE_METHOD_MATCH = YES;
				COPY_PHASE_STRIP = NO;
				DEBUG_INFORMATION_FORMAT = "dwarf-with-dsym";
				ENABLE_NS_ASSERTIONS = NO;
				ENABLE_STRICT_OBJC_MSGSEND = YES;
				GCC_C_LANGUAGE_STANDARD = gnu11;
				GCC_NO_COMMON_BLOCKS = YES;
				GCC_WARN_64_TO_32_BIT_CONVERSION = YES;
				GCC_WARN_ABOUT_RETURN_TYPE = YES_ERROR;
				GCC_WARN_UNDECLARED_SELECTOR = YES;
				GCC_WARN_UNINITIALIZED_AUTOS = YES_AGGRESSIVE;
				GCC_WARN_UNUSED_FUNCTION = YES;
				GCC_WARN_UNUSED_VARIABLE = YES;
				IPHONEOS_DEPLOYMENT_TARGET = 13.2;
				MTL_ENABLE_DEBUG_INFO = NO;
				MTL_FAST_MATH = YES;
				SDKROOT = iphoneos;
				VALIDATE_PRODUCT = YES;
			};
			name = Release;
		};
		F95090302355FFCC0023813B /* Debug */ = {
			isa = XCBuildConfiguration;
			buildSettings = {
				ASSETCATALOG_COMPILER_APPICON_NAME = "iMessage App Icon";
				CODE_SIGN_STYLE = Automatic;
				DEVELOPMENT_TEAM = PQC7C7BQGU;
				INFOPLIST_FILE = "PokemonStickerApp StickerPackExtension/Info.plist";
				IPHONEOS_DEPLOYMENT_TARGET = 10.0;
				PRODUCT_BUNDLE_IDENTIFIER = CauleyCo.PokemonStickerApp.StickerPackExtension;
				PRODUCT_NAME = "$(TARGET_NAME)";
				SKIP_INSTALL = YES;
				TARGETED_DEVICE_FAMILY = "1,2";
			};
			name = Debug;
		};
		F95090312355FFCC0023813B /* Release */ = {
			isa = XCBuildConfiguration;
			buildSettings = {
				ASSETCATALOG_COMPILER_APPICON_NAME = "iMessage App Icon";
				CODE_SIGN_STYLE = Automatic;
				DEVELOPMENT_TEAM = PQC7C7BQGU;
				INFOPLIST_FILE = "PokemonStickerApp StickerPackExtension/Info.plist";
				IPHONEOS_DEPLOYMENT_TARGET = 10.0;
				PRODUCT_BUNDLE_IDENTIFIER = CauleyCo.PokemonStickerApp.StickerPackExtension;
				PRODUCT_NAME = "$(TARGET_NAME)";
				SKIP_INSTALL = YES;
				TARGETED_DEVICE_FAMILY = "1,2";
			};
			name = Release;
		};
		F95090342355FFCC0023813B /* Debug */ = {
			isa = XCBuildConfiguration;
			buildSettings = {
				ASSETCATALOG_COMPILER_APPICON_NAME = "iMessage App Icon";
				CODE_SIGN_STYLE = Automatic;
				DEVELOPMENT_TEAM = PQC7C7BQGU;
				INFOPLIST_FILE = PokemonStickerApp/Info.plist;
				IPHONEOS_DEPLOYMENT_TARGET = 10.0;
				PRODUCT_BUNDLE_IDENTIFIER = CauleyCo.PokemonStickerApp;
				PRODUCT_NAME = "$(TARGET_NAME)";
				TARGETED_DEVICE_FAMILY = "1,2";
			};
			name = Debug;
		};
		F95090352355FFCC0023813B /* Release */ = {
			isa = XCBuildConfiguration;
			buildSettings = {
				ASSETCATALOG_COMPILER_APPICON_NAME = "iMessage App Icon";
				CODE_SIGN_STYLE = Automatic;
				DEVELOPMENT_TEAM = PQC7C7BQGU;
				INFOPLIST_FILE = PokemonStickerApp/Info.plist;
				IPHONEOS_DEPLOYMENT_TARGET = 10.0;
				PRODUCT_BUNDLE_IDENTIFIER = CauleyCo.PokemonStickerApp;
				PRODUCT_NAME = "$(TARGET_NAME)";
				TARGETED_DEVICE_FAMILY = "1,2";
			};
			name = Release;
		};
/* End XCBuildConfiguration section */

/* Begin XCConfigurationList section */
		F950901F2355FFCC0023813B /* Build configuration list for PBXProject "PokemonStickerApp" */ = {
			isa = XCConfigurationList;
			buildConfigurations = (
				F950902D2355FFCC0023813B /* Debug */,
				F950902E2355FFCC0023813B /* Release */,
			);
			defaultConfigurationIsVisible = 0;
			defaultConfigurationName = Release;
		};
		F950902F2355FFCC0023813B /* Build configuration list for PBXNativeTarget "PokemonStickerApp StickerPackExtension" */ = {
			isa = XCConfigurationList;
			buildConfigurations = (
				F95090302355FFCC0023813B /* Debug */,
				F95090312355FFCC0023813B /* Release */,
			);
			defaultConfigurationIsVisible = 0;
			defaultConfigurationName = Release;
		};
		F95090332355FFCC0023813B /* Build configuration list for PBXNativeTarget "PokemonStickerApp" */ = {
			isa = XCConfigurationList;
			buildConfigurations = (
				F95090342355FFCC0023813B /* Debug */,
				F95090352355FFCC0023813B /* Release */,
			);
			defaultConfigurationIsVisible = 0;
			defaultConfigurationName = Release;
		};
/* End XCConfigurationList section */
	};
	rootObject = F950901C2355FFCC0023813B /* Project object */;
}
